
Microsoft Visual Studio Solution File, Format Version 12.00
Project("{FAE04EC0-301F-11D3-BF4B-00C04F79EFBC}") = "RecipeApp.Core", "RecipeApp.Core\RecipeApp.Core.csproj", "{A03411E9-2002-4379-9326-492149EE3D40}"
EndProject
Project("{FAE04EC0-301F-11D3-BF4B-00C04F79EFBC}") = "RecipeApp.Domain", "RecipeApp.Domain\RecipeApp.Domain.csproj", "{5AC05151-E288-4D0C-AC53-FFB4CFDFC6E9}"
EndProject
Project("{2150E333-8FDC-42A3-9474-1A3956D46DE8}") = "Core", "Core", "{E29ECC25-5ED1-41C2-A675-23B74E049384}"
EndProject
Project("{2150E333-8FDC-42A3-9474-1A3956D46DE8}") = "DataFetch", "DataFetch", "{3D98F92F-99D8-46E8-8F53-ADC8616570D7}"
EndProject
Project("{FAE04EC0-301F-11D3-BF4B-00C04F79EFBC}") = "RecipeApp.DataFetch", "RecipeApp.DataFetch\RecipeApp.DataFetch.csproj", "{045C8678-7D41-4F7C-BCE6-7FB2D080D5AF}"
EndProject
Global
	GlobalSection(SolutionConfigurationPlatforms) = preSolution
		Debug|Any CPU = Debug|Any CPU
		Release|Any CPU = Release|Any CPU
	EndGlobalSection
	GlobalSection(ProjectConfigurationPlatforms) = postSolution
		{A03411E9-2002-4379-9326-492149EE3D40}.Debug|Any CPU.ActiveCfg = Debug|Any CPU
		{A03411E9-2002-4379-9326-492149EE3D40}.Debug|Any CPU.Build.0 = Debug|Any CPU
		{A03411E9-2002-4379-9326-492149EE3D40}.Release|Any CPU.ActiveCfg = Release|Any CPU
		{A03411E9-2002-4379-9326-492149EE3D40}.Release|Any CPU.Build.0 = Release|Any CPU
		{5AC05151-E288-4D0C-AC53-FFB4CFDFC6E9}.Debug|Any CPU.ActiveCfg = Debug|Any CPU
		{5AC05151-E288-4D0C-AC53-FFB4CFDFC6E9}.Debug|Any CPU.Build.0 = Debug|Any CPU
		{5AC05151-E288-4D0C-AC53-FFB4CFDFC6E9}.Release|Any CPU.ActiveCfg = Release|Any CPU
		{5AC05151-E288-4D0C-AC53-FFB4CFDFC6E9}.Release|Any CPU.Build.0 = Release|Any CPU
		{045C8678-7D41-4F7C-BCE6-7FB2D080D5AF}.Debug|Any CPU.ActiveCfg = Debug|Any CPU
		{045C8678-7D41-4F7C-BCE6-7FB2D080D5AF}.Debug|Any CPU.Build.0 = Debug|Any CPU
		{045C8678-7D41-4F7C-BCE6-7FB2D080D5AF}.Release|Any CPU.ActiveCfg = Release|Any CPU
		{045C8678-7D41-4F7C-BCE6-7FB2D080D5AF}.Release|Any CPU.Build.0 = Release|Any CPU
	EndGlobalSection
	GlobalSection(NestedProjects) = preSolution
		{A03411E9-2002-4379-9326-492149EE3D40} = {E29ECC25-5ED1-41C2-A675-23B74E049384}
		{5AC05151-E288-4D0C-AC53-FFB4CFDFC6E9} = {E29ECC25-5ED1-41C2-A675-23B74E049384}
		{045C8678-7D41-4F7C-BCE6-7FB2D080D5AF} = {3D98F92F-99D8-46E8-8F53-ADC8616570D7}
	EndGlobalSection
EndGlobal
